<?xml version="1.0" encoding="utf-8"?>
<Project ToolsVersion="4.0" xmlns="http://schemas.microsoft.com/developer/msbuild/2003">
  <ItemGroup>
    <Filter Include="Quelldateien">
      <UniqueIdentifier>{4FC737F1-C7A5-4376-A066-2A32D752A2FF}</UniqueIdentifier>
      <Extensions>cpp;c;cc;cxx;def;odl;idl;hpj;bat;asm;asmx</Extensions>
    </Filter>
    <Filter Include="Headerdateien">
      <UniqueIdentifier>{93995380-89BD-4b04-88EB-625FBE52EBFB}</UniqueIdentifier>
      <Extensions>h;hh;hpp;hxx;hm;inl;inc;xsd</Extensions>
    </Filter>
    <Filter Include="Ressourcendateien">
      <UniqueIdentifier>{67DA6AB6-F800-4c08-8B7A-83BB121AAD01}</UniqueIdentifier>
      <Extensions>rc;ico;cur;bmp;dlg;rc2;rct;bin;rgs;gif;jpg;jpeg;jpe;resx;tiff;tif;png;wav;mfcribbon-ms</Extensions>
    </Filter>
    <Filter Include="GameFunctions">
      <UniqueIdentifier>{3db4a708-e88e-48e9-a6f4-79048ae79e4d}</UniqueIdentifier>
    </Filter>
    <Filter Include="HackMain">
      <UniqueIdentifier>{158bd398-5348-4eb9-8c78-f6016da55fcf}</UniqueIdentifier>
    </Filter>
    <Filter Include="Hooks">
      <UniqueIdentifier>{8e87b5f0-60cc-474e-b353-8dd0008f2bc2}</UniqueIdentifier>
    </Filter>
    <Filter Include="RenderFunctions">
      <UniqueIdentifier>{79b13cde-2f9e-4df3-ac31-78274479014f}</UniqueIdentifier>
    </Filter>
    <Filter Include="Utils">
      <UniqueIdentifier>{35269a6e-9a1d-4e9a-a37b-7b7bc4401a72}</UniqueIdentifier>
    </Filter>
    <Filter Include="Menu">
      <UniqueIdentifier>{6d15061b-680a-4eee-8f92-8b466edac311}</UniqueIdentifier>
    </Filter>
  </ItemGroup>
  <ItemGroup>
    <ClInclude Include="GameFunctions.h">
      <Filter>GameFunctions</Filter>
    </ClInclude>
    <ClInclude Include="HackMain.h">
      <Filter>HackMain</Filter>
    </ClInclude>
    <ClInclude Include="Hooks.h">
      <Filter>Hooks</Filter>
    </ClInclude>
    <ClInclude Include="RenderFunctions.h">
      <Filter>RenderFunctions</Filter>
    </ClInclude>
    <ClInclude Include="Utils.h">
      <Filter>Utils</Filter>
    </ClInclude>
    <ClInclude Include="Menu.h">
      <Filter>Menu</Filter>
    </ClInclude>
    <ClInclude Include="Enums.h">
      <Filter>Headerdateien</Filter>
    </ClInclude>
    <ClInclude Include="Classes.h">
      <Filter>Headerdateien</Filter>
    </ClInclude>
    <ClInclude Include="Offsets.h">
      <Filter>Headerdateien</Filter>
    </ClInclude>
  </ItemGroup>
  <ItemGroup>
    <ClCompile Include="Main.cpp">
      <Filter>Quelldateien</Filter>
    </ClCompile>
    <ClCompile Include="GameFunctions.cpp">
      <Filter>GameFunctions</Filter>
    </ClCompile>
    <ClCompile Include="HackMain.cpp">
      <Filter>HackMain</Filter>
    </ClCompile>
    <ClCompile Include="Hooks.cpp">
      <Filter>Hooks</Filter>
    </ClCompile>
    <ClCompile Include="RenderFunctions.cpp">
      <Filter>RenderFunctions</Filter>
    </ClCompile>
    <ClCompile Include="Utils.cpp">
      <Filter>Utils</Filter>
    </ClCompile>
    <ClCompile Include="Menu.cpp">
      <Filter>Menu</Filter>
    </ClCompile>
  </ItemGroup>
</Project>